
Microsoft Visual Studio Solution File, Format Version 12.00
# Visual Studio Version 17
VisualStudioVersion = 17.8.34525.116
MinimumVisualStudioVersion = 10.0.40219.1
Project("{8BC9CEB8-8B4A-11D0-8D11-00A0C91BC942}") = "cppl_02", "cppl_02\cppl_02.vcxproj", "{1EF7A4DD-3DAE-4C52-B418-13C414524B6F}"
EndProject
Global
	GlobalSection(SolutionConfigurationPlatforms) = preSolution
		Debug|x64 = Debug|x64
		Debug|x86 = Debug|x86
		Release|x64 = Release|x64
		Release|x86 = Release|x86
	EndGlobalSection
	GlobalSection(ProjectConfigurationPlatforms) = postSolution
		{1EF7A4DD-3DAE-4C52-B418-13C414524B6F}.Debug|x64.ActiveCfg = Debug|x64
		{1EF7A4DD-3DAE-4C52-B418-13C414524B6F}.Debug|x64.Build.0 = Debug|x64
		{1EF7A4DD-3DAE-4C52-B418-13C414524B6F}.Debug|x86.ActiveCfg = Debug|Win32
		{1EF7A4DD-3DAE-4C52-B418-13C414524B6F}.Debug|x86.Build.0 = Debug|Win32
		{1EF7A4DD-3DAE-4C52-B418-13C414524B6F}.Release|x64.ActiveCfg = Release|x64
		{1EF7A4DD-3DAE-4C52-B418-13C414524B6F}.Release|x64.Build.0 = Release|x64
		{1EF7A4DD-3DAE-4C52-B418-13C414524B6F}.Release|x86.ActiveCfg = Release|Win32
		{1EF7A4DD-3DAE-4C52-B418-13C414524B6F}.Release|x86.Build.0 = Release|Win32
	EndGlobalSection
	GlobalSection(SolutionProperties) = preSolution
		HideSolutionNode = FALSE
	EndGlobalSection
	GlobalSection(ExtensibilityGlobals) = postSolution
		SolutionGuid = {9F61EB74-DE26-4E17-B70A-E781810E07EA}
	EndGlobalSection
EndGlobal
